
Microsoft Visual Studio Solution File, Format Version 12.00
# Visual Studio 15
VisualStudioVersion = 15.0.26228.4
MinimumVisualStudioVersion = 10.0.40219.1
Project("{2150E333-8FDC-42A3-9474-1A3956D46DE8}") = "src", "src", "{F0104956-7148-4AA2-B370-C02E92593023}"
EndProject
Project("{2150E333-8FDC-42A3-9474-1A3956D46DE8}") = "Solution Items", "Solution Items", "{A3A94D2A-FB86-4CEE-81CB-245469A7BCFB}"
EndProject
Project("{9A19103F-16F7-4668-BE54-9A1E7A4F7556}") = "Anders.IdentityServer", "src\Anders.IdentityServer\Anders.IdentityServer.csproj", "{D63F4288-F386-4EBF-8E77-A3E1D840FC0B}"
EndProject
Project("{FAE04EC0-301F-11D3-BF4B-00C04F79EFBC}") = "Anders.Api", "Anders.Api\Anders.Api.csproj", "{0C608780-2A97-4573-AD5E-7313DEED858C}"
EndProject
Project("{FAE04EC0-301F-11D3-BF4B-00C04F79EFBC}") = "Anders.TestClient", "Anders.TestClient\Anders.TestClient.csproj", "{D34FF5E7-509B-4087-9457-DA9AB5D1B395}"
EndProject
Project("{FAE04EC0-301F-11D3-BF4B-00C04F79EFBC}") = "Anders.Site", "Anders.Site\Anders.Site.csproj", "{18EDD3E6-93B2-48EB-AA9D-2100BBE21F86}"
EndProject
Project("{FAE04EC0-301F-11D3-BF4B-00C04F79EFBC}") = "Anders.JSClient", "Anders.JSClient\Anders.JSClient.csproj", "{B1025AED-2E65-40F3-A124-B78362ECD09B}"
EndProject
Project("{FAE04EC0-301F-11D3-BF4B-00C04F79EFBC}") = "Anders.WebFormSite", "Anders.WebFormSite\Anders.WebFormSite.csproj", "{B3680C08-2AAD-4DD8-A05F-9ECBA30304C1}"
EndProject
Global
	GlobalSection(SolutionConfigurationPlatforms) = preSolution
		Debug|Any CPU = Debug|Any CPU
		Debug|x64 = Debug|x64
		Debug|x86 = Debug|x86
		Release|Any CPU = Release|Any CPU
		Release|x64 = Release|x64
		Release|x86 = Release|x86
	EndGlobalSection
	GlobalSection(ProjectConfigurationPlatforms) = postSolution
		{D63F4288-F386-4EBF-8E77-A3E1D840FC0B}.Debug|Any CPU.ActiveCfg = Debug|Any CPU
		{D63F4288-F386-4EBF-8E77-A3E1D840FC0B}.Debug|Any CPU.Build.0 = Debug|Any CPU
		{D63F4288-F386-4EBF-8E77-A3E1D840FC0B}.Debug|x64.ActiveCfg = Debug|Any CPU
		{D63F4288-F386-4EBF-8E77-A3E1D840FC0B}.Debug|x64.Build.0 = Debug|Any CPU
		{D63F4288-F386-4EBF-8E77-A3E1D840FC0B}.Debug|x86.ActiveCfg = Debug|Any CPU
		{D63F4288-F386-4EBF-8E77-A3E1D840FC0B}.Debug|x86.Build.0 = Debug|Any CPU
		{D63F4288-F386-4EBF-8E77-A3E1D840FC0B}.Release|Any CPU.ActiveCfg = Release|Any CPU
		{D63F4288-F386-4EBF-8E77-A3E1D840FC0B}.Release|Any CPU.Build.0 = Release|Any CPU
		{D63F4288-F386-4EBF-8E77-A3E1D840FC0B}.Release|x64.ActiveCfg = Release|Any CPU
		{D63F4288-F386-4EBF-8E77-A3E1D840FC0B}.Release|x64.Build.0 = Release|Any CPU
		{D63F4288-F386-4EBF-8E77-A3E1D840FC0B}.Release|x86.ActiveCfg = Release|Any CPU
		{D63F4288-F386-4EBF-8E77-A3E1D840FC0B}.Release|x86.Build.0 = Release|Any CPU
		{0C608780-2A97-4573-AD5E-7313DEED858C}.Debug|Any CPU.ActiveCfg = Debug|Any CPU
		{0C608780-2A97-4573-AD5E-7313DEED858C}.Debug|Any CPU.Build.0 = Debug|Any CPU
		{0C608780-2A97-4573-AD5E-7313DEED858C}.Debug|x64.ActiveCfg = Debug|Any CPU
		{0C608780-2A97-4573-AD5E-7313DEED858C}.Debug|x64.Build.0 = Debug|Any CPU
		{0C608780-2A97-4573-AD5E-7313DEED858C}.Debug|x86.ActiveCfg = Debug|Any CPU
		{0C608780-2A97-4573-AD5E-7313DEED858C}.Debug|x86.Build.0 = Debug|Any CPU
		{0C608780-2A97-4573-AD5E-7313DEED858C}.Release|Any CPU.ActiveCfg = Release|Any CPU
		{0C608780-2A97-4573-AD5E-7313DEED858C}.Release|Any CPU.Build.0 = Release|Any CPU
		{0C608780-2A97-4573-AD5E-7313DEED858C}.Release|x64.ActiveCfg = Release|Any CPU
		{0C608780-2A97-4573-AD5E-7313DEED858C}.Release|x64.Build.0 = Release|Any CPU
		{0C608780-2A97-4573-AD5E-7313DEED858C}.Release|x86.ActiveCfg = Release|Any CPU
		{0C608780-2A97-4573-AD5E-7313DEED858C}.Release|x86.Build.0 = Release|Any CPU
		{D34FF5E7-509B-4087-9457-DA9AB5D1B395}.Debug|Any CPU.ActiveCfg = Debug|Any CPU
		{D34FF5E7-509B-4087-9457-DA9AB5D1B395}.Debug|Any CPU.Build.0 = Debug|Any CPU
		{D34FF5E7-509B-4087-9457-DA9AB5D1B395}.Debug|x64.ActiveCfg = Debug|Any CPU
		{D34FF5E7-509B-4087-9457-DA9AB5D1B395}.Debug|x64.Build.0 = Debug|Any CPU
		{D34FF5E7-509B-4087-9457-DA9AB5D1B395}.Debug|x86.ActiveCfg = Debug|Any CPU
		{D34FF5E7-509B-4087-9457-DA9AB5D1B395}.Debug|x86.Build.0 = Debug|Any CPU
		{D34FF5E7-509B-4087-9457-DA9AB5D1B395}.Release|Any CPU.ActiveCfg = Release|Any CPU
		{D34FF5E7-509B-4087-9457-DA9AB5D1B395}.Release|Any CPU.Build.0 = Release|Any CPU
		{D34FF5E7-509B-4087-9457-DA9AB5D1B395}.Release|x64.ActiveCfg = Release|Any CPU
		{D34FF5E7-509B-4087-9457-DA9AB5D1B395}.Release|x64.Build.0 = Release|Any CPU
		{D34FF5E7-509B-4087-9457-DA9AB5D1B395}.Release|x86.ActiveCfg = Release|Any CPU
		{D34FF5E7-509B-4087-9457-DA9AB5D1B395}.Release|x86.Build.0 = Release|Any CPU
		{18EDD3E6-93B2-48EB-AA9D-2100BBE21F86}.Debug|Any CPU.ActiveCfg = Debug|Any CPU
		{18EDD3E6-93B2-48EB-AA9D-2100BBE21F86}.Debug|Any CPU.Build.0 = Debug|Any CPU
		{18EDD3E6-93B2-48EB-AA9D-2100BBE21F86}.Debug|x64.ActiveCfg = Debug|Any CPU
		{18EDD3E6-93B2-48EB-AA9D-2100BBE21F86}.Debug|x64.Build.0 = Debug|Any CPU
		{18EDD3E6-93B2-48EB-AA9D-2100BBE21F86}.Debug|x86.ActiveCfg = Debug|Any CPU
		{18EDD3E6-93B2-48EB-AA9D-2100BBE21F86}.Debug|x86.Build.0 = Debug|Any CPU
		{18EDD3E6-93B2-48EB-AA9D-2100BBE21F86}.Release|Any CPU.ActiveCfg = Release|Any CPU
		{18EDD3E6-93B2-48EB-AA9D-2100BBE21F86}.Release|Any CPU.Build.0 = Release|Any CPU
		{18EDD3E6-93B2-48EB-AA9D-2100BBE21F86}.Release|x64.ActiveCfg = Release|Any CPU
		{18EDD3E6-93B2-48EB-AA9D-2100BBE21F86}.Release|x64.Build.0 = Release|Any CPU
		{18EDD3E6-93B2-48EB-AA9D-2100BBE21F86}.Release|x86.ActiveCfg = Release|Any CPU
		{18EDD3E6-93B2-48EB-AA9D-2100BBE21F86}.Release|x86.Build.0 = Release|Any CPU
		{B1025AED-2E65-40F3-A124-B78362ECD09B}.Debug|Any CPU.ActiveCfg = Debug|Any CPU
		{B1025AED-2E65-40F3-A124-B78362ECD09B}.Debug|Any CPU.Build.0 = Debug|Any CPU
		{B1025AED-2E65-40F3-A124-B78362ECD09B}.Debug|x64.ActiveCfg = Debug|Any CPU
		{B1025AED-2E65-40F3-A124-B78362ECD09B}.Debug|x64.Build.0 = Debug|Any CPU
		{B1025AED-2E65-40F3-A124-B78362ECD09B}.Debug|x86.ActiveCfg = Debug|Any CPU
		{B1025AED-2E65-40F3-A124-B78362ECD09B}.Debug|x86.Build.0 = Debug|Any CPU
		{B1025AED-2E65-40F3-A124-B78362ECD09B}.Release|Any CPU.ActiveCfg = Release|Any CPU
		{B1025AED-2E65-40F3-A124-B78362ECD09B}.Release|Any CPU.Build.0 = Release|Any CPU
		{B1025AED-2E65-40F3-A124-B78362ECD09B}.Release|x64.ActiveCfg = Release|Any CPU
		{B1025AED-2E65-40F3-A124-B78362ECD09B}.Release|x64.Build.0 = Release|Any CPU
		{B1025AED-2E65-40F3-A124-B78362ECD09B}.Release|x86.ActiveCfg = Release|Any CPU
		{B1025AED-2E65-40F3-A124-B78362ECD09B}.Release|x86.Build.0 = Release|Any CPU
		{B3680C08-2AAD-4DD8-A05F-9ECBA30304C1}.Debug|Any CPU.ActiveCfg = Debug|Any CPU
		{B3680C08-2AAD-4DD8-A05F-9ECBA30304C1}.Debug|Any CPU.Build.0 = Debug|Any CPU
		{B3680C08-2AAD-4DD8-A05F-9ECBA30304C1}.Debug|x64.ActiveCfg = Debug|Any CPU
		{B3680C08-2AAD-4DD8-A05F-9ECBA30304C1}.Debug|x64.Build.0 = Debug|Any CPU
		{B3680C08-2AAD-4DD8-A05F-9ECBA30304C1}.Debug|x86.ActiveCfg = Debug|Any CPU
		{B3680C08-2AAD-4DD8-A05F-9ECBA30304C1}.Debug|x86.Build.0 = Debug|Any CPU
		{B3680C08-2AAD-4DD8-A05F-9ECBA30304C1}.Release|Any CPU.ActiveCfg = Release|Any CPU
		{B3680C08-2AAD-4DD8-A05F-9ECBA30304C1}.Release|Any CPU.Build.0 = Release|Any CPU
		{B3680C08-2AAD-4DD8-A05F-9ECBA30304C1}.Release|x64.ActiveCfg = Release|Any CPU
		{B3680C08-2AAD-4DD8-A05F-9ECBA30304C1}.Release|x64.Build.0 = Release|Any CPU
		{B3680C08-2AAD-4DD8-A05F-9ECBA30304C1}.Release|x86.ActiveCfg = Release|Any CPU
		{B3680C08-2AAD-4DD8-A05F-9ECBA30304C1}.Release|x86.Build.0 = Release|Any CPU
	EndGlobalSection
	GlobalSection(SolutionProperties) = preSolution
		HideSolutionNode = FALSE
	EndGlobalSection
	GlobalSection(NestedProjects) = preSolution
		{D63F4288-F386-4EBF-8E77-A3E1D840FC0B} = {F0104956-7148-4AA2-B370-C02E92593023}
		{0C608780-2A97-4573-AD5E-7313DEED858C} = {F0104956-7148-4AA2-B370-C02E92593023}
		{D34FF5E7-509B-4087-9457-DA9AB5D1B395} = {F0104956-7148-4AA2-B370-C02E92593023}
		{18EDD3E6-93B2-48EB-AA9D-2100BBE21F86} = {F0104956-7148-4AA2-B370-C02E92593023}
		{B1025AED-2E65-40F3-A124-B78362ECD09B} = {F0104956-7148-4AA2-B370-C02E92593023}
		{B3680C08-2AAD-4DD8-A05F-9ECBA30304C1} = {F0104956-7148-4AA2-B370-C02E92593023}
	EndGlobalSection
EndGlobal
